
Microsoft Visual Studio Solution File, Format Version 12.00
# Visual Studio Version 17
VisualStudioVersion = 17.2.32616.157
MinimumVisualStudioVersion = 10.0.40219.1
Project("{2150E333-8FDC-42A3-9474-1A3956D46DE8}") = "src", "src", "{41EA3947-7681-4412-AD9A-4A29447E357C}"
EndProject
Project("{9A19103F-16F7-4668-BE54-9A1E7A4F7556}") = "BFF.Identidad.API", "BFF.Identidad.API\BFF.Identidad.API.csproj", "{80EF5FF2-E1D4-4756-8C74-9D70B583214C}"
EndProject
Project("{9A19103F-16F7-4668-BE54-9A1E7A4F7556}") = "BFF.Identidad.Aplicacion", "BFF.Identidad.Aplicacion\BFF.Identidad.Aplicacion.csproj", "{3E92B237-16FD-4EF8-9C61-C6A85D137C7C}"
EndProject
Project("{9A19103F-16F7-4668-BE54-9A1E7A4F7556}") = "BFF.Identidad.Dominio", "BFF.Identidad.Dominio\BFF.Identidad.Dominio.csproj", "{46763D7C-59A1-4185-96F7-1DE877F920EA}"
EndProject
Project("{9A19103F-16F7-4668-BE54-9A1E7A4F7556}") = "BFF.Identidad.Infraestructura", "BFF.Identidad.Infraestructura\BFF.Identidad.Infraestructura.csproj", "{D6A10AD5-02C5-4DB1-B45B-2407B180205F}"
EndProject
Global
	GlobalSection(SolutionConfigurationPlatforms) = preSolution
		Debug|Any CPU = Debug|Any CPU
		PROD|Any CPU = PROD|Any CPU
		RC|Any CPU = RC|Any CPU
		Release|Any CPU = Release|Any CPU
		UAT|Any CPU = UAT|Any CPU
	EndGlobalSection
	GlobalSection(ProjectConfigurationPlatforms) = postSolution
		{80EF5FF2-E1D4-4756-8C74-9D70B583214C}.Debug|Any CPU.ActiveCfg = Debug|Any CPU
		{80EF5FF2-E1D4-4756-8C74-9D70B583214C}.Debug|Any CPU.Build.0 = Debug|Any CPU
		{80EF5FF2-E1D4-4756-8C74-9D70B583214C}.PROD|Any CPU.ActiveCfg = PROD|Any CPU
		{80EF5FF2-E1D4-4756-8C74-9D70B583214C}.PROD|Any CPU.Build.0 = PROD|Any CPU
		{80EF5FF2-E1D4-4756-8C74-9D70B583214C}.RC|Any CPU.ActiveCfg = RC|Any CPU
		{80EF5FF2-E1D4-4756-8C74-9D70B583214C}.RC|Any CPU.Build.0 = RC|Any CPU
		{80EF5FF2-E1D4-4756-8C74-9D70B583214C}.Release|Any CPU.ActiveCfg = Release|Any CPU
		{80EF5FF2-E1D4-4756-8C74-9D70B583214C}.Release|Any CPU.Build.0 = Release|Any CPU
		{80EF5FF2-E1D4-4756-8C74-9D70B583214C}.UAT|Any CPU.ActiveCfg = UAT|Any CPU
		{80EF5FF2-E1D4-4756-8C74-9D70B583214C}.UAT|Any CPU.Build.0 = UAT|Any CPU
		{3E92B237-16FD-4EF8-9C61-C6A85D137C7C}.Debug|Any CPU.ActiveCfg = Debug|Any CPU
		{3E92B237-16FD-4EF8-9C61-C6A85D137C7C}.Debug|Any CPU.Build.0 = Debug|Any CPU
		{3E92B237-16FD-4EF8-9C61-C6A85D137C7C}.PROD|Any CPU.ActiveCfg = PROD|Any CPU
		{3E92B237-16FD-4EF8-9C61-C6A85D137C7C}.PROD|Any CPU.Build.0 = PROD|Any CPU
		{3E92B237-16FD-4EF8-9C61-C6A85D137C7C}.RC|Any CPU.ActiveCfg = RC|Any CPU
		{3E92B237-16FD-4EF8-9C61-C6A85D137C7C}.RC|Any CPU.Build.0 = RC|Any CPU
		{3E92B237-16FD-4EF8-9C61-C6A85D137C7C}.Release|Any CPU.ActiveCfg = Release|Any CPU
		{3E92B237-16FD-4EF8-9C61-C6A85D137C7C}.Release|Any CPU.Build.0 = Release|Any CPU
		{3E92B237-16FD-4EF8-9C61-C6A85D137C7C}.UAT|Any CPU.ActiveCfg = UAT|Any CPU
		{3E92B237-16FD-4EF8-9C61-C6A85D137C7C}.UAT|Any CPU.Build.0 = UAT|Any CPU
		{46763D7C-59A1-4185-96F7-1DE877F920EA}.Debug|Any CPU.ActiveCfg = Debug|Any CPU
		{46763D7C-59A1-4185-96F7-1DE877F920EA}.Debug|Any CPU.Build.0 = Debug|Any CPU
		{46763D7C-59A1-4185-96F7-1DE877F920EA}.PROD|Any CPU.ActiveCfg = PROD|Any CPU
		{46763D7C-59A1-4185-96F7-1DE877F920EA}.PROD|Any CPU.Build.0 = PROD|Any CPU
		{46763D7C-59A1-4185-96F7-1DE877F920EA}.RC|Any CPU.ActiveCfg = RC|Any CPU
		{46763D7C-59A1-4185-96F7-1DE877F920EA}.RC|Any CPU.Build.0 = RC|Any CPU
		{46763D7C-59A1-4185-96F7-1DE877F920EA}.Release|Any CPU.ActiveCfg = Release|Any CPU
		{46763D7C-59A1-4185-96F7-1DE877F920EA}.Release|Any CPU.Build.0 = Release|Any CPU
		{46763D7C-59A1-4185-96F7-1DE877F920EA}.UAT|Any CPU.ActiveCfg = UAT|Any CPU
		{46763D7C-59A1-4185-96F7-1DE877F920EA}.UAT|Any CPU.Build.0 = UAT|Any CPU
		{D6A10AD5-02C5-4DB1-B45B-2407B180205F}.Debug|Any CPU.ActiveCfg = Debug|Any CPU
		{D6A10AD5-02C5-4DB1-B45B-2407B180205F}.Debug|Any CPU.Build.0 = Debug|Any CPU
		{D6A10AD5-02C5-4DB1-B45B-2407B180205F}.PROD|Any CPU.ActiveCfg = PROD|Any CPU
		{D6A10AD5-02C5-4DB1-B45B-2407B180205F}.PROD|Any CPU.Build.0 = PROD|Any CPU
		{D6A10AD5-02C5-4DB1-B45B-2407B180205F}.RC|Any CPU.ActiveCfg = RC|Any CPU
		{D6A10AD5-02C5-4DB1-B45B-2407B180205F}.RC|Any CPU.Build.0 = RC|Any CPU
		{D6A10AD5-02C5-4DB1-B45B-2407B180205F}.Release|Any CPU.ActiveCfg = Release|Any CPU
		{D6A10AD5-02C5-4DB1-B45B-2407B180205F}.Release|Any CPU.Build.0 = Release|Any CPU
		{D6A10AD5-02C5-4DB1-B45B-2407B180205F}.UAT|Any CPU.ActiveCfg = UAT|Any CPU
		{D6A10AD5-02C5-4DB1-B45B-2407B180205F}.UAT|Any CPU.Build.0 = UAT|Any CPU
	EndGlobalSection
	GlobalSection(SolutionProperties) = preSolution
		HideSolutionNode = FALSE
	EndGlobalSection
	GlobalSection(NestedProjects) = preSolution
		{80EF5FF2-E1D4-4756-8C74-9D70B583214C} = {41EA3947-7681-4412-AD9A-4A29447E357C}
		{3E92B237-16FD-4EF8-9C61-C6A85D137C7C} = {41EA3947-7681-4412-AD9A-4A29447E357C}
		{46763D7C-59A1-4185-96F7-1DE877F920EA} = {41EA3947-7681-4412-AD9A-4A29447E357C}
		{D6A10AD5-02C5-4DB1-B45B-2407B180205F} = {41EA3947-7681-4412-AD9A-4A29447E357C}
	EndGlobalSection
	GlobalSection(ExtensibilityGlobals) = postSolution
		SolutionGuid = {F92874A3-E135-4FDC-9938-684D6056C92A}
	EndGlobalSection
EndGlobal
